// !$*UTF8*$!
{
	archiveVersion = 1;
	classes = {
	};
	objectVersion = 50;
	objects = {

/* Begin PBXBuildFile section */
		7A3A87D9AC7EADBE17BA21F2 /* Pods_JardamBeremNew.framework in Frameworks */ = {isa = PBXBuildFile; fileRef = E1CA22C3F3E2A05A8BF552D0 /* Pods_JardamBeremNew.framework */; };
		8414235D21134FD0006351DE /* CharityTableViewCell.swift in Sources */ = {isa = PBXBuildFile; fileRef = 8414235C21134FD0006351DE /* CharityTableViewCell.swift */; };
		841A050C211312150055D7F7 /* AddFoodViewController.swift in Sources */ = {isa = PBXBuildFile; fileRef = 841A050B211312150055D7F7 /* AddFoodViewController.swift */; };
		84B9AFCF21133F3200B64837 /* CharityEventsViewController.swift in Sources */ = {isa = PBXBuildFile; fileRef = 84B9AFCE21133F3200B64837 /* CharityEventsViewController.swift */; };
		84B9AFD121133F9900B64837 /* CharityEvents.swift in Sources */ = {isa = PBXBuildFile; fileRef = 84B9AFD021133F9900B64837 /* CharityEvents.swift */; };
		940F58D32111F82200F9668F /* AppDelegate.swift in Sources */ = {isa = PBXBuildFile; fileRef = 940F58D22111F82200F9668F /* AppDelegate.swift */; };
		940F58D82111F82200F9668F /* Main.storyboard in Resources */ = {isa = PBXBuildFile; fileRef = 940F58D62111F82200F9668F /* Main.storyboard */; };
		940F58DA2111F82300F9668F /* Assets.xcassets in Resources */ = {isa = PBXBuildFile; fileRef = 940F58D92111F82300F9668F /* Assets.xcassets */; };
		940F58DD2111F82300F9668F /* LaunchScreen.storyboard in Resources */ = {isa = PBXBuildFile; fileRef = 940F58DB2111F82300F9668F /* LaunchScreen.storyboard */; };
		9413325821130615000A1215 /* ForumViewController.swift in Sources */ = {isa = PBXBuildFile; fileRef = 9413325721130615000A1215 /* ForumViewController.swift */; };
		9413325A21133F8B000A1215 /* ForumCollectionViewCell.swift in Sources */ = {isa = PBXBuildFile; fileRef = 9413325921133F8B000A1215 /* ForumCollectionViewCell.swift */; };
		94BE9D3E2111FF58001FC8C6 /* HTTPStatusCode.swift in Sources */ = {isa = PBXBuildFile; fileRef = 94BE9D3B2111FF58001FC8C6 /* HTTPStatusCode.swift */; };
		94BE9D3F2111FF58001FC8C6 /* HTTPRequestManager.swift in Sources */ = {isa = PBXBuildFile; fileRef = 94BE9D3C2111FF58001FC8C6 /* HTTPRequestManager.swift */; };
		94BE9D402111FF58001FC8C6 /* ServerManager.swift in Sources */ = {isa = PBXBuildFile; fileRef = 94BE9D3D2111FF58001FC8C6 /* ServerManager.swift */; };
		94BE9D432112042C001FC8C6 /* Constants.swift in Sources */ = {isa = PBXBuildFile; fileRef = 94BE9D422112042C001FC8C6 /* Constants.swift */; };
		94BE9D47211204B8001FC8C6 /* Cities.swift in Sources */ = {isa = PBXBuildFile; fileRef = 94BE9D46211204B8001FC8C6 /* Cities.swift */; };
		94BE9D49211204CF001FC8C6 /* Categories.swift in Sources */ = {isa = PBXBuildFile; fileRef = 94BE9D48211204CF001FC8C6 /* Categories.swift */; };
		94BE9D4B2112085A001FC8C6 /* Reviews.swift in Sources */ = {isa = PBXBuildFile; fileRef = 94BE9D4A2112085A001FC8C6 /* Reviews.swift */; };
		94BE9D4D21121069001FC8C6 /* Forum.swift in Sources */ = {isa = PBXBuildFile; fileRef = 94BE9D4C21121069001FC8C6 /* Forum.swift */; };
		94BE9D51211219C6001FC8C6 /* Ramilias.storyboard in Resources */ = {isa = PBXBuildFile; fileRef = 94BE9D4F211219C3001FC8C6 /* Ramilias.storyboard */; };
		94BE9D5621121A4E001FC8C6 /* ViewController.swift in Sources */ = {isa = PBXBuildFile; fileRef = 94BE9D5521121A4D001FC8C6 /* ViewController.swift */; };
		94BE9D5821121AFF001FC8C6 /* TermsViewController.swift in Sources */ = {isa = PBXBuildFile; fileRef = 94BE9D5721121AFF001FC8C6 /* TermsViewController.swift */; };
		94BE9D5B21121B64001FC8C6 /* Baha.storyboard in Resources */ = {isa = PBXBuildFile; fileRef = 94BE9D5921121B64001FC8C6 /* Baha.storyboard */; };
		94BE9D5D21121CAA001FC8C6 /* MainViewController.swift in Sources */ = {isa = PBXBuildFile; fileRef = 94BE9D5C21121CAA001FC8C6 /* MainViewController.swift */; };
		94BE9D6021121F66001FC8C6 /* PinterestLayout.swift in Sources */ = {isa = PBXBuildFile; fileRef = 94BE9D5F21121F66001FC8C6 /* PinterestLayout.swift */; };
		94BE9D6221121FA2001FC8C6 /* MainCollectionViewCell.swift in Sources */ = {isa = PBXBuildFile; fileRef = 94BE9D6121121FA2001FC8C6 /* MainCollectionViewCell.swift */; };
		94BE9D64211228BC001FC8C6 /* MenuEnum.swift in Sources */ = {isa = PBXBuildFile; fileRef = 94BE9D63211228BC001FC8C6 /* MenuEnum.swift */; };
		94BE9D66211238A2001FC8C6 /* CategoriesCell.swift in Sources */ = {isa = PBXBuildFile; fileRef = 94BE9D65211238A2001FC8C6 /* CategoriesCell.swift */; };
		94BE9D6821125DDE001FC8C6 /* LangViewController.swift in Sources */ = {isa = PBXBuildFile; fileRef = 94BE9D6721125DDC001FC8C6 /* LangViewController.swift */; };
		94BE9D6A21125DE7001FC8C6 /* CitiesViewController.swift in Sources */ = {isa = PBXBuildFile; fileRef = 94BE9D6921125DE7001FC8C6 /* CitiesViewController.swift */; };
		94BE9D6C21126167001FC8C6 /* Announcement.swift in Sources */ = {isa = PBXBuildFile; fileRef = 94BE9D6B21126167001FC8C6 /* Announcement.swift */; };
		94F7D3C32115621800E253D6 /* AddForumViewController.swift in Sources */ = {isa = PBXBuildFile; fileRef = 94F7D3C22115621800E253D6 /* AddForumViewController.swift */; };
		94F7D3C5211564A500E253D6 /* Feedback.swift in Sources */ = {isa = PBXBuildFile; fileRef = 94F7D3C4211564A500E253D6 /* Feedback.swift */; };
/* End PBXBuildFile section */

/* Begin PBXFileReference section */
		368A70E5DF3232DDD435B9C3 /* Pods-JardamBeremNew.release.xcconfig */ = {isa = PBXFileReference; includeInIndex = 1; lastKnownFileType = text.xcconfig; name = "Pods-JardamBeremNew.release.xcconfig"; path = "Pods/Target Support Files/Pods-JardamBeremNew/Pods-JardamBeremNew.release.xcconfig"; sourceTree = "<group>"; };
		8414235C21134FD0006351DE /* CharityTableViewCell.swift */ = {isa = PBXFileReference; lastKnownFileType = sourcecode.swift; path = CharityTableViewCell.swift; sourceTree = "<group>"; };
		841A050B211312150055D7F7 /* AddFoodViewController.swift */ = {isa = PBXFileReference; lastKnownFileType = sourcecode.swift; path = AddFoodViewController.swift; sourceTree = "<group>"; };
		84B9AFCE21133F3200B64837 /* CharityEventsViewController.swift */ = {isa = PBXFileReference; lastKnownFileType = sourcecode.swift; path = CharityEventsViewController.swift; sourceTree = "<group>"; };
		84B9AFD021133F9900B64837 /* CharityEvents.swift */ = {isa = PBXFileReference; lastKnownFileType = sourcecode.swift; path = CharityEvents.swift; sourceTree = "<group>"; };
		940F58CF2111F82200F9668F /* JardamBeremNew.app */ = {isa = PBXFileReference; explicitFileType = wrapper.application; includeInIndex = 0; path = JardamBeremNew.app; sourceTree = BUILT_PRODUCTS_DIR; };
		940F58D22111F82200F9668F /* AppDelegate.swift */ = {isa = PBXFileReference; lastKnownFileType = sourcecode.swift; path = AppDelegate.swift; sourceTree = "<group>"; };
		940F58D72111F82200F9668F /* Base */ = {isa = PBXFileReference; lastKnownFileType = file.storyboard; name = Base; path = Base.lproj/Main.storyboard; sourceTree = "<group>"; };
		940F58D92111F82300F9668F /* Assets.xcassets */ = {isa = PBXFileReference; lastKnownFileType = folder.assetcatalog; path = Assets.xcassets; sourceTree = "<group>"; };
		940F58DC2111F82300F9668F /* Base */ = {isa = PBXFileReference; lastKnownFileType = file.storyboard; name = Base; path = Base.lproj/LaunchScreen.storyboard; sourceTree = "<group>"; };
		940F58DE2111F82300F9668F /* Info.plist */ = {isa = PBXFileReference; lastKnownFileType = text.plist.xml; path = Info.plist; sourceTree = "<group>"; };
		9413325721130615000A1215 /* ForumViewController.swift */ = {isa = PBXFileReference; lastKnownFileType = sourcecode.swift; path = ForumViewController.swift; sourceTree = "<group>"; };
		9413325921133F8B000A1215 /* ForumCollectionViewCell.swift */ = {isa = PBXFileReference; lastKnownFileType = sourcecode.swift; path = ForumCollectionViewCell.swift; sourceTree = "<group>"; };
		94BE9D3B2111FF58001FC8C6 /* HTTPStatusCode.swift */ = {isa = PBXFileReference; fileEncoding = 4; lastKnownFileType = sourcecode.swift; name = HTTPStatusCode.swift; path = JardamBeremNew/Network/HTTPStatusCode.swift; sourceTree = SOURCE_ROOT; };
		94BE9D3C2111FF58001FC8C6 /* HTTPRequestManager.swift */ = {isa = PBXFileReference; fileEncoding = 4; lastKnownFileType = sourcecode.swift; name = HTTPRequestManager.swift; path = JardamBeremNew/Network/HTTPRequestManager.swift; sourceTree = SOURCE_ROOT; };
		94BE9D3D2111FF58001FC8C6 /* ServerManager.swift */ = {isa = PBXFileReference; fileEncoding = 4; lastKnownFileType = sourcecode.swift; name = ServerManager.swift; path = JardamBeremNew/Network/ServerManager.swift; sourceTree = SOURCE_ROOT; };
		94BE9D422112042C001FC8C6 /* Constants.swift */ = {isa = PBXFileReference; lastKnownFileType = sourcecode.swift; name = Constants.swift; path = JardamBeremNew/Helpers/Constants.swift; sourceTree = SOURCE_ROOT; };
		94BE9D46211204B8001FC8C6 /* Cities.swift */ = {isa = PBXFileReference; lastKnownFileType = sourcecode.swift; path = Cities.swift; sourceTree = "<group>"; };
		94BE9D48211204CF001FC8C6 /* Categories.swift */ = {isa = PBXFileReference; lastKnownFileType = sourcecode.swift; path = Categories.swift; sourceTree = "<group>"; };
		94BE9D4A2112085A001FC8C6 /* Reviews.swift */ = {isa = PBXFileReference; lastKnownFileType = sourcecode.swift; path = Reviews.swift; sourceTree = "<group>"; };
		94BE9D4C21121069001FC8C6 /* Forum.swift */ = {isa = PBXFileReference; lastKnownFileType = sourcecode.swift; path = Forum.swift; sourceTree = "<group>"; };
		94BE9D50211219C3001FC8C6 /* Base */ = {isa = PBXFileReference; lastKnownFileType = file.storyboard; name = Base; path = Base.lproj/Ramilias.storyboard; sourceTree = "<group>"; };
		94BE9D5521121A4D001FC8C6 /* ViewController.swift */ = {isa = PBXFileReference; fileEncoding = 4; lastKnownFileType = sourcecode.swift; path = ViewController.swift; sourceTree = "<group>"; };
		94BE9D5721121AFF001FC8C6 /* TermsViewController.swift */ = {isa = PBXFileReference; fileEncoding = 4; lastKnownFileType = sourcecode.swift; path = TermsViewController.swift; sourceTree = "<group>"; };
		94BE9D5A21121B64001FC8C6 /* Base */ = {isa = PBXFileReference; lastKnownFileType = file.storyboard; name = Base; path = Base.lproj/Baha.storyboard; sourceTree = "<group>"; };
		94BE9D5C21121CAA001FC8C6 /* MainViewController.swift */ = {isa = PBXFileReference; lastKnownFileType = sourcecode.swift; path = MainViewController.swift; sourceTree = "<group>"; };
		94BE9D5F21121F66001FC8C6 /* PinterestLayout.swift */ = {isa = PBXFileReference; lastKnownFileType = sourcecode.swift; path = PinterestLayout.swift; sourceTree = "<group>"; };
		94BE9D6121121FA2001FC8C6 /* MainCollectionViewCell.swift */ = {isa = PBXFileReference; lastKnownFileType = sourcecode.swift; path = MainCollectionViewCell.swift; sourceTree = "<group>"; };
		94BE9D63211228BC001FC8C6 /* MenuEnum.swift */ = {isa = PBXFileReference; lastKnownFileType = sourcecode.swift; path = MenuEnum.swift; sourceTree = "<group>"; };
		94BE9D65211238A2001FC8C6 /* CategoriesCell.swift */ = {isa = PBXFileReference; lastKnownFileType = sourcecode.swift; path = CategoriesCell.swift; sourceTree = "<group>"; };
		94BE9D6721125DDC001FC8C6 /* LangViewController.swift */ = {isa = PBXFileReference; fileEncoding = 4; lastKnownFileType = sourcecode.swift; path = LangViewController.swift; sourceTree = "<group>"; };
		94BE9D6921125DE7001FC8C6 /* CitiesViewController.swift */ = {isa = PBXFileReference; fileEncoding = 4; lastKnownFileType = sourcecode.swift; path = CitiesViewController.swift; sourceTree = "<group>"; };
		94BE9D6B21126167001FC8C6 /* Announcement.swift */ = {isa = PBXFileReference; lastKnownFileType = sourcecode.swift; path = Announcement.swift; sourceTree = "<group>"; };
		94F7D3C22115621800E253D6 /* AddForumViewController.swift */ = {isa = PBXFileReference; lastKnownFileType = sourcecode.swift; path = AddForumViewController.swift; sourceTree = "<group>"; };
		94F7D3C4211564A500E253D6 /* Feedback.swift */ = {isa = PBXFileReference; lastKnownFileType = sourcecode.swift; path = Feedback.swift; sourceTree = "<group>"; };
		BCB56960E72D16A8DEBD58A8 /* Pods-JardamBeremNew.debug.xcconfig */ = {isa = PBXFileReference; includeInIndex = 1; lastKnownFileType = text.xcconfig; name = "Pods-JardamBeremNew.debug.xcconfig"; path = "Pods/Target Support Files/Pods-JardamBeremNew/Pods-JardamBeremNew.debug.xcconfig"; sourceTree = "<group>"; };
		E1CA22C3F3E2A05A8BF552D0 /* Pods_JardamBeremNew.framework */ = {isa = PBXFileReference; explicitFileType = wrapper.framework; includeInIndex = 0; path = Pods_JardamBeremNew.framework; sourceTree = BUILT_PRODUCTS_DIR; };
/* End PBXFileReference section */

/* Begin PBXFrameworksBuildPhase section */
		940F58CC2111F82200F9668F /* Frameworks */ = {
			isa = PBXFrameworksBuildPhase;
			buildActionMask = 2147483647;
			files = (
				7A3A87D9AC7EADBE17BA21F2 /* Pods_JardamBeremNew.framework in Frameworks */,
			);
			runOnlyForDeploymentPostprocessing = 0;
		};
/* End PBXFrameworksBuildPhase section */

/* Begin PBXGroup section */
		3876E90232A17AB58E28A8E9 /* Frameworks */ = {
			isa = PBXGroup;
			children = (
				E1CA22C3F3E2A05A8BF552D0 /* Pods_JardamBeremNew.framework */,
			);
			name = Frameworks;
			sourceTree = "<group>";
		};
		88875CBBA51B0F38559DEEE0 /* Pods */ = {
			isa = PBXGroup;
			children = (
				BCB56960E72D16A8DEBD58A8 /* Pods-JardamBeremNew.debug.xcconfig */,
				368A70E5DF3232DDD435B9C3 /* Pods-JardamBeremNew.release.xcconfig */,
			);
			name = Pods;
			sourceTree = "<group>";
		};
		940F58C62111F82200F9668F = {
			isa = PBXGroup;
			children = (
				940F58D12111F82200F9668F /* JardamBeremNew */,
				940F58D02111F82200F9668F /* Products */,
				88875CBBA51B0F38559DEEE0 /* Pods */,
				3876E90232A17AB58E28A8E9 /* Frameworks */,
			);
			sourceTree = "<group>";
		};
		940F58D02111F82200F9668F /* Products */ = {
			isa = PBXGroup;
			children = (
				940F58CF2111F82200F9668F /* JardamBeremNew.app */,
			);
			name = Products;
			sourceTree = "<group>";
		};
		940F58D12111F82200F9668F /* JardamBeremNew */ = {
			isa = PBXGroup;
			children = (
				94BE9D5E21121F3E001FC8C6 /* Views */,
				94BE9D5221121A0D001FC8C6 /* ViewControllers */,
				94BE9D4E2112159F001FC8C6 /* Storyboards */,
				94BE9D442112047D001FC8C6 /* Models */,
				94BE9D41211203E2001FC8C6 /* Helpers */,
				94BE9D3A2111FF41001FC8C6 /* Network */,
				940F58D22111F82200F9668F /* AppDelegate.swift */,
				940F58D92111F82300F9668F /* Assets.xcassets */,
				940F58DB2111F82300F9668F /* LaunchScreen.storyboard */,
				940F58DE2111F82300F9668F /* Info.plist */,
			);
			path = JardamBeremNew;
			sourceTree = "<group>";
		};
		94BE9D3A2111FF41001FC8C6 /* Network */ = {
			isa = PBXGroup;
			children = (
				94BE9D3C2111FF58001FC8C6 /* HTTPRequestManager.swift */,
				94BE9D3B2111FF58001FC8C6 /* HTTPStatusCode.swift */,
				94BE9D3D2111FF58001FC8C6 /* ServerManager.swift */,
			);
			path = Network;
			sourceTree = "<group>";
		};
		94BE9D41211203E2001FC8C6 /* Helpers */ = {
			isa = PBXGroup;
			children = (
				94BE9D422112042C001FC8C6 /* Constants.swift */,
				94BE9D63211228BC001FC8C6 /* MenuEnum.swift */,
			);
			path = Helpers;
			sourceTree = "<group>";
		};
		94BE9D442112047D001FC8C6 /* Models */ = {
			isa = PBXGroup;
			children = (
				84B9AFD021133F9900B64837 /* CharityEvents.swift */,
				94BE9D46211204B8001FC8C6 /* Cities.swift */,
				94BE9D48211204CF001FC8C6 /* Categories.swift */,
				94BE9D4A2112085A001FC8C6 /* Reviews.swift */,
				94BE9D4C21121069001FC8C6 /* Forum.swift */,
				94BE9D6B21126167001FC8C6 /* Announcement.swift */,
				94F7D3C4211564A500E253D6 /* Feedback.swift */,
			);
			path = Models;
			sourceTree = "<group>";
		};
		94BE9D4E2112159F001FC8C6 /* Storyboards */ = {
			isa = PBXGroup;
			children = (
				940F58D62111F82200F9668F /* Main.storyboard */,
				94BE9D4F211219C3001FC8C6 /* Ramilias.storyboard */,
				94BE9D5921121B64001FC8C6 /* Baha.storyboard */,
			);
			path = Storyboards;
			sourceTree = "<group>";
		};
		94BE9D5221121A0D001FC8C6 /* ViewControllers */ = {
			isa = PBXGroup;
			children = (
				84B9AFCE21133F3200B64837 /* CharityEventsViewController.swift */,
				94BE9D5721121AFF001FC8C6 /* TermsViewController.swift */,
				94BE9D5521121A4D001FC8C6 /* ViewController.swift */,
				94BE9D5C21121CAA001FC8C6 /* MainViewController.swift */,
				94BE9D6721125DDC001FC8C6 /* LangViewController.swift */,
				94BE9D6921125DE7001FC8C6 /* CitiesViewController.swift */,
				8414235C21134FD0006351DE /* CharityTableViewCell.swift */,
				9413325721130615000A1215 /* ForumViewController.swift */,
				841A050B211312150055D7F7 /* AddFoodViewController.swift */,
				94F7D3C22115621800E253D6 /* AddForumViewController.swift */,
			);
			path = ViewControllers;
			sourceTree = "<group>";
		};
		94BE9D5E21121F3E001FC8C6 /* Views */ = {
			isa = PBXGroup;
			children = (
				94BE9D5F21121F66001FC8C6 /* PinterestLayout.swift */,
				94BE9D6121121FA2001FC8C6 /* MainCollectionViewCell.swift */,
				94BE9D65211238A2001FC8C6 /* CategoriesCell.swift */,
				9413325921133F8B000A1215 /* ForumCollectionViewCell.swift */,
			);
			path = Views;
			sourceTree = "<group>";
		};
/* End PBXGroup section */

/* Begin PBXNativeTarget section */
		940F58CE2111F82200F9668F /* JardamBeremNew */ = {
			isa = PBXNativeTarget;
			buildConfigurationList = 940F58E12111F82300F9668F /* Build configuration list for PBXNativeTarget "JardamBeremNew" */;
			buildPhases = (
				FF1672AB00F8535310473615 /* [CP] Check Pods Manifest.lock */,
				940F58CB2111F82200F9668F /* Sources */,
				940F58CC2111F82200F9668F /* Frameworks */,
				940F58CD2111F82200F9668F /* Resources */,
				9DEBAA34BC3EB37C7ABE0116 /* [CP] Embed Pods Frameworks */,
			);
			buildRules = (
			);
			dependencies = (
			);
			name = JardamBeremNew;
			productName = JardamBeremNew;
			productReference = 940F58CF2111F82200F9668F /* JardamBeremNew.app */;
			productType = "com.apple.product-type.application";
		};
/* End PBXNativeTarget section */

/* Begin PBXProject section */
		940F58C72111F82200F9668F /* Project object */ = {
			isa = PBXProject;
			attributes = {
				LastSwiftUpdateCheck = 0940;
				LastUpgradeCheck = 0940;
				ORGANIZATIONNAME = "Baha Ganyev";
				TargetAttributes = {
					940F58CE2111F82200F9668F = {
						CreatedOnToolsVersion = 9.4.1;
					};
				};
			};
			buildConfigurationList = 940F58CA2111F82200F9668F /* Build configuration list for PBXProject "JardamBeremNew" */;
			compatibilityVersion = "Xcode 9.3";
			developmentRegion = en;
			hasScannedForEncodings = 0;
			knownRegions = (
				en,
				Base,
			);
			mainGroup = 940F58C62111F82200F9668F;
			productRefGroup = 940F58D02111F82200F9668F /* Products */;
			projectDirPath = "";
			projectRoot = "";
			targets = (
				940F58CE2111F82200F9668F /* JardamBeremNew */,
			);
		};
/* End PBXProject section */

/* Begin PBXResourcesBuildPhase section */
		940F58CD2111F82200F9668F /* Resources */ = {
			isa = PBXResourcesBuildPhase;
			buildActionMask = 2147483647;
			files = (
				94BE9D51211219C6001FC8C6 /* Ramilias.storyboard in Resources */,
				940F58DD2111F82300F9668F /* LaunchScreen.storyboard in Resources */,
				940F58DA2111F82300F9668F /* Assets.xcassets in Resources */,
				94BE9D5B21121B64001FC8C6 /* Baha.storyboard in Resources */,
				940F58D82111F82200F9668F /* Main.storyboard in Resources */,
			);
			runOnlyForDeploymentPostprocessing = 0;
		};
/* End PBXResourcesBuildPhase section */

/* Begin PBXShellScriptBuildPhase section */
		9DEBAA34BC3EB37C7ABE0116 /* [CP] Embed Pods Frameworks */ = {
			isa = PBXShellScriptBuildPhase;
			buildActionMask = 2147483647;
			files = (
			);
			inputPaths = (
				"${SRCROOT}/Pods/Target Support Files/Pods-JardamBeremNew/Pods-JardamBeremNew-frameworks.sh",
				"${BUILT_PRODUCTS_DIR}/Alamofire/Alamofire.framework",
				"${BUILT_PRODUCTS_DIR}/Kingfisher/Kingfisher.framework",
			);
			name = "[CP] Embed Pods Frameworks";
			outputPaths = (
				"${TARGET_BUILD_DIR}/${FRAMEWORKS_FOLDER_PATH}/Alamofire.framework",
				"${TARGET_BUILD_DIR}/${FRAMEWORKS_FOLDER_PATH}/Kingfisher.framework",
			);
			runOnlyForDeploymentPostprocessing = 0;
			shellPath = /bin/sh;
			shellScript = "\"${SRCROOT}/Pods/Target Support Files/Pods-JardamBeremNew/Pods-JardamBeremNew-frameworks.sh\"\n";
			showEnvVarsInLog = 0;
		};
		FF1672AB00F8535310473615 /* [CP] Check Pods Manifest.lock */ = {
			isa = PBXShellScriptBuildPhase;
			buildActionMask = 2147483647;
			files = (
			);
			inputPaths = (
				"${PODS_PODFILE_DIR_PATH}/Podfile.lock",
				"${PODS_ROOT}/Manifest.lock",
			);
			name = "[CP] Check Pods Manifest.lock";
			outputPaths = (
				"$(DERIVED_FILE_DIR)/Pods-JardamBeremNew-checkManifestLockResult.txt",
			);
			runOnlyForDeploymentPostprocessing = 0;
			shellPath = /bin/sh;
			shellScript = "diff \"${PODS_PODFILE_DIR_PATH}/Podfile.lock\" \"${PODS_ROOT}/Manifest.lock\" > /dev/null\nif [ $? != 0 ] ; then\n    # print error to STDERR\n    echo \"error: The sandbox is not in sync with the Podfile.lock. Run 'pod install' or update your CocoaPods installation.\" >&2\n    exit 1\nfi\n# This output is used by Xcode 'outputs' to avoid re-running this script phase.\necho \"SUCCESS\" > \"${SCRIPT_OUTPUT_FILE_0}\"\n";
			showEnvVarsInLog = 0;
		};
/* End PBXShellScriptBuildPhase section */

/* Begin PBXSourcesBuildPhase section */
		940F58CB2111F82200F9668F /* Sources */ = {
			isa = PBXSourcesBuildPhase;
			buildActionMask = 2147483647;
			files = (
				8414235D21134FD0006351DE /* CharityTableViewCell.swift in Sources */,
				94BE9D5821121AFF001FC8C6 /* TermsViewController.swift in Sources */,
				94BE9D402111FF58001FC8C6 /* ServerManager.swift in Sources */,
				94BE9D49211204CF001FC8C6 /* Categories.swift in Sources */,
				94BE9D6A21125DE7001FC8C6 /* CitiesViewController.swift in Sources */,
				94BE9D64211228BC001FC8C6 /* MenuEnum.swift in Sources */,
				94BE9D5D21121CAA001FC8C6 /* MainViewController.swift in Sources */,
				94BE9D66211238A2001FC8C6 /* CategoriesCell.swift in Sources */,
				841A050C211312150055D7F7 /* AddFoodViewController.swift in Sources */,
				94BE9D3E2111FF58001FC8C6 /* HTTPStatusCode.swift in Sources */,
				94BE9D6821125DDE001FC8C6 /* LangViewController.swift in Sources */,
				94F7D3C5211564A500E253D6 /* Feedback.swift in Sources */,
				84B9AFCF21133F3200B64837 /* CharityEventsViewController.swift in Sources */,
				94BE9D5621121A4E001FC8C6 /* ViewController.swift in Sources */,
				940F58D32111F82200F9668F /* AppDelegate.swift in Sources */,
				84B9AFD121133F9900B64837 /* CharityEvents.swift in Sources */,
				9413325A21133F8B000A1215 /* ForumCollectionViewCell.swift in Sources */,
				94BE9D6221121FA2001FC8C6 /* MainCollectionViewCell.swift in Sources */,
				9413325821130615000A1215 /* ForumViewController.swift in Sources */,
				94BE9D47211204B8001FC8C6 /* Cities.swift in Sources */,
				94BE9D6C21126167001FC8C6 /* Announcement.swift in Sources */,
				94BE9D6021121F66001FC8C6 /* PinterestLayout.swift in Sources */,
				94BE9D4B2112085A001FC8C6 /* Reviews.swift in Sources */,
				94F7D3C32115621800E253D6 /* AddForumViewController.swift in Sources */,
				94BE9D3F2111FF58001FC8C6 /* HTTPRequestManager.swift in Sources */,
				94BE9D432112042C001FC8C6 /* Constants.swift in Sources */,
				94BE9D4D21121069001FC8C6 /* Forum.swift in Sources */,
			);
			runOnlyForDeploymentPostprocessing = 0;
		};
/* End PBXSourcesBuildPhase section */

/* Begin PBXVariantGroup section */
		940F58D62111F82200F9668F /* Main.storyboard */ = {
			isa = PBXVariantGroup;
			children = (
				940F58D72111F82200F9668F /* Base */,
			);
			name = Main.storyboard;
			sourceTree = "<group>";
		};
		940F58DB2111F82300F9668F /* LaunchScreen.storyboard */ = {
			isa = PBXVariantGroup;
			children = (
				940F58DC2111F82300F9668F /* Base */,
			);
			name = LaunchScreen.storyboard;
			sourceTree = "<group>";
		};
		94BE9D4F211219C3001FC8C6 /* Ramilias.storyboard */ = {
			isa = PBXVariantGroup;
			children = (
				94BE9D50211219C3001FC8C6 /* Base */,
			);
			name = Ramilias.storyboard;
			sourceTree = "<group>";
		};
		94BE9D5921121B64001FC8C6 /* Baha.storyboard */ = {
			isa = PBXVariantGroup;
			children = (
				94BE9D5A21121B64001FC8C6 /* Base */,
			);
			name = Baha.storyboard;
			sourceTree = "<group>";
		};
/* End PBXVariantGroup section */

/* Begin XCBuildConfiguration section */
		940F58DF2111F82300F9668F /* Debug */ = {
			isa = XCBuildConfiguration;
			buildSettings = {
				ALWAYS_SEARCH_USER_PATHS = NO;
				CLANG_ANALYZER_NONNULL = YES;
				CLANG_ANALYZER_NUMBER_OBJECT_CONVERSION = YES_AGGRESSIVE;
				CLANG_CXX_LANGUAGE_STANDARD = "gnu++14";
				CLANG_CXX_LIBRARY = "libc++";
				CLANG_ENABLE_MODULES = YES;
				CLANG_ENABLE_OBJC_ARC = YES;
				CLANG_ENABLE_OBJC_WEAK = YES;
				CLANG_WARN_BLOCK_CAPTURE_AUTORELEASING = YES;
				CLANG_WARN_BOOL_CONVERSION = YES;
				CLANG_WARN_COMMA = YES;
				CLANG_WARN_CONSTANT_CONVERSION = YES;
				CLANG_WARN_DEPRECATED_OBJC_IMPLEMENTATIONS = YES;
				CLANG_WARN_DIRECT_OBJC_ISA_USAGE = YES_ERROR;
				CLANG_WARN_DOCUMENTATION_COMMENTS = YES;
				CLANG_WARN_EMPTY_BODY = YES;
				CLANG_WARN_ENUM_CONVERSION = YES;
				CLANG_WARN_INFINITE_RECURSION = YES;
				CLANG_WARN_INT_CONVERSION = YES;
				CLANG_WARN_NON_LITERAL_NULL_CONVERSION = YES;
				CLANG_WARN_OBJC_IMPLICIT_RETAIN_SELF = YES;
				CLANG_WARN_OBJC_LITERAL_CONVERSION = YES;
				CLANG_WARN_OBJC_ROOT_CLASS = YES_ERROR;
				CLANG_WARN_RANGE_LOOP_ANALYSIS = YES;
				CLANG_WARN_STRICT_PROTOTYPES = YES;
				CLANG_WARN_SUSPICIOUS_MOVE = YES;
				CLANG_WARN_UNGUARDED_AVAILABILITY = YES_AGGRESSIVE;
				CLANG_WARN_UNREACHABLE_CODE = YES;
				CLANG_WARN__DUPLICATE_METHOD_MATCH = YES;
				CODE_SIGN_IDENTITY = "iPhone Developer";
				COPY_PHASE_STRIP = NO;
				DEBUG_INFORMATION_FORMAT = dwarf;
				ENABLE_STRICT_OBJC_MSGSEND = YES;
				ENABLE_TESTABILITY = YES;
				GCC_C_LANGUAGE_STANDARD = gnu11;
				GCC_DYNAMIC_NO_PIC = NO;
				GCC_NO_COMMON_BLOCKS = YES;
				GCC_OPTIMIZATION_LEVEL = 0;
				GCC_PREPROCESSOR_DEFINITIONS = (
					"DEBUG=1",
					"$(inherited)",
				);
				GCC_WARN_64_TO_32_BIT_CONVERSION = YES;
				GCC_WARN_ABOUT_RETURN_TYPE = YES_ERROR;
				GCC_WARN_UNDECLARED_SELECTOR = YES;
				GCC_WARN_UNINITIALIZED_AUTOS = YES_AGGRESSIVE;
				GCC_WARN_UNUSED_FUNCTION = YES;
				GCC_WARN_UNUSED_VARIABLE = YES;
				IPHONEOS_DEPLOYMENT_TARGET = 11.4;
				MTL_ENABLE_DEBUG_INFO = YES;
				ONLY_ACTIVE_ARCH = YES;
				SDKROOT = iphoneos;
				SWIFT_ACTIVE_COMPILATION_CONDITIONS = DEBUG;
				SWIFT_OPTIMIZATION_LEVEL = "-Onone";
			};
			name = Debug;
		};
		940F58E02111F82300F9668F /* Release */ = {
			isa = XCBuildConfiguration;
			buildSettings = {
				ALWAYS_SEARCH_USER_PATHS = NO;
				CLANG_ANALYZER_NONNULL = YES;
				CLANG_ANALYZER_NUMBER_OBJECT_CONVERSION = YES_AGGRESSIVE;
				CLANG_CXX_LANGUAGE_STANDARD = "gnu++14";
				CLANG_CXX_LIBRARY = "libc++";
				CLANG_ENABLE_MODULES = YES;
				CLANG_ENABLE_OBJC_ARC = YES;
				CLANG_ENABLE_OBJC_WEAK = YES;
				CLANG_WARN_BLOCK_CAPTURE_AUTORELEASING = YES;
				CLANG_WARN_BOOL_CONVERSION = YES;
				CLANG_WARN_COMMA = YES;
				CLANG_WARN_CONSTANT_CONVERSION = YES;
				CLANG_WARN_DEPRECATED_OBJC_IMPLEMENTATIONS = YES;
				CLANG_WARN_DIRECT_OBJC_ISA_USAGE = YES_ERROR;
				CLANG_WARN_DOCUMENTATION_COMMENTS = YES;
				CLANG_WARN_EMPTY_BODY = YES;
				CLANG_WARN_ENUM_CONVERSION = YES;
				CLANG_WARN_INFINITE_RECURSION = YES;
				CLANG_WARN_INT_CONVERSION = YES;
				CLANG_WARN_NON_LITERAL_NULL_CONVERSION = YES;
				CLANG_WARN_OBJC_IMPLICIT_RETAIN_SELF = YES;
				CLANG_WARN_OBJC_LITERAL_CONVERSION = YES;
				CLANG_WARN_OBJC_ROOT_CLASS = YES_ERROR;
				CLANG_WARN_RANGE_LOOP_ANALYSIS = YES;
				CLANG_WARN_STRICT_PROTOTYPES = YES;
				CLANG_WARN_SUSPICIOUS_MOVE = YES;
				CLANG_WARN_UNGUARDED_AVAILABILITY = YES_AGGRESSIVE;
				CLANG_WARN_UNREACHABLE_CODE = YES;
				CLANG_WARN__DUPLICATE_METHOD_MATCH = YES;
				CODE_SIGN_IDENTITY = "iPhone Developer";
				COPY_PHASE_STRIP = NO;
				DEBUG_INFORMATION_FORMAT = "dwarf-with-dsym";
				ENABLE_NS_ASSERTIONS = NO;
				ENABLE_STRICT_OBJC_MSGSEND = YES;
				GCC_C_LANGUAGE_STANDARD = gnu11;
				GCC_NO_COMMON_BLOCKS = YES;
				GCC_WARN_64_TO_32_BIT_CONVERSION = YES;
				GCC_WARN_ABOUT_RETURN_TYPE = YES_ERROR;
				GCC_WARN_UNDECLARED_SELECTOR = YES;
				GCC_WARN_UNINITIALIZED_AUTOS = YES_AGGRESSIVE;
				GCC_WARN_UNUSED_FUNCTION = YES;
				GCC_WARN_UNUSED_VARIABLE = YES;
				IPHONEOS_DEPLOYMENT_TARGET = 11.4;
				MTL_ENABLE_DEBUG_INFO = NO;
				SDKROOT = iphoneos;
				SWIFT_COMPILATION_MODE = wholemodule;
				SWIFT_OPTIMIZATION_LEVEL = "-O";
				VALIDATE_PRODUCT = YES;
			};
			name = Release;
		};
		940F58E22111F82300F9668F /* Debug */ = {
			isa = XCBuildConfiguration;
			baseConfigurationReference = BCB56960E72D16A8DEBD58A8 /* Pods-JardamBeremNew.debug.xcconfig */;
			buildSettings = {
				ASSETCATALOG_COMPILER_APPICON_NAME = AppIcon;
				CODE_SIGN_STYLE = Automatic;
				DEVELOPMENT_TEAM = 5M67MJNW4M;
				INFOPLIST_FILE = JardamBeremNew/Info.plist;
				LD_RUNPATH_SEARCH_PATHS = (
					"$(inherited)",
					"@executable_path/Frameworks",
				);
				PRODUCT_BUNDLE_IDENTIFIER = com.ganyev.JardamBeremNew;
				PRODUCT_NAME = "$(TARGET_NAME)";
				SWIFT_VERSION = 4.0;
				TARGETED_DEVICE_FAMILY = "1,2";
			};
			name = Debug;
		};
		940F58E32111F82300F9668F /* Release */ = {
			isa = XCBuildConfiguration;
			baseConfigurationReference = 368A70E5DF3232DDD435B9C3 /* Pods-JardamBeremNew.release.xcconfig */;
			buildSettings = {
				ASSETCATALOG_COMPILER_APPICON_NAME = AppIcon;
				CODE_SIGN_STYLE = Automatic;
				DEVELOPMENT_TEAM = 5M67MJNW4M;
				INFOPLIST_FILE = JardamBeremNew/Info.plist;
				LD_RUNPATH_SEARCH_PATHS = (
					"$(inherited)",
					"@executable_path/Frameworks",
				);
				PRODUCT_BUNDLE_IDENTIFIER = com.ganyev.JardamBeremNew;
				PRODUCT_NAME = "$(TARGET_NAME)";
				SWIFT_VERSION = 4.0;
				TARGETED_DEVICE_FAMILY = "1,2";
			};
			name = Release;
		};
/* End XCBuildConfiguration section */

/* Begin XCConfigurationList section */
		940F58CA2111F82200F9668F /* Build configuration list for PBXProject "JardamBeremNew" */ = {
			isa = XCConfigurationList;
			buildConfigurations = (
				940F58DF2111F82300F9668F /* Debug */,
				940F58E02111F82300F9668F /* Release */,
			);
			defaultConfigurationIsVisible = 0;
			defaultConfigurationName = Release;
		};
		940F58E12111F82300F9668F /* Build configuration list for PBXNativeTarget "JardamBeremNew" */ = {
			isa = XCConfigurationList;
			buildConfigurations = (
				940F58E22111F82300F9668F /* Debug */,
				940F58E32111F82300F9668F /* Release */,
			);
			defaultConfigurationIsVisible = 0;
			defaultConfigurationName = Release;
		};
/* End XCConfigurationList section */
	};
	rootObject = 940F58C72111F82200F9668F /* Project object */;
}
